// !$*UTF8*$!
{
	archiveVersion = 1;
	classes = {
	};
	objectVersion = 50;
	objects = {

/* Begin PBXBuildFile section */
		839FEE2F24DD470F00236B88 /* AppDelegate.swift in Sources */ = {isa = PBXBuildFile; fileRef = 839FEE2E24DD470F00236B88 /* AppDelegate.swift */; };
		839FEE3124DD470F00236B88 /* SceneDelegate.swift in Sources */ = {isa = PBXBuildFile; fileRef = 839FEE3024DD470F00236B88 /* SceneDelegate.swift */; };
		839FEE3324DD470F00236B88 /* ContentView.swift in Sources */ = {isa = PBXBuildFile; fileRef = 839FEE3224DD470F00236B88 /* ContentView.swift */; };
		839FEE3524DD471700236B88 /* Assets.xcassets in Resources */ = {isa = PBXBuildFile; fileRef = 839FEE3424DD471700236B88 /* Assets.xcassets */; };
		839FEE3824DD471700236B88 /* Preview Assets.xcassets in Resources */ = {isa = PBXBuildFile; fileRef = 839FEE3724DD471700236B88 /* Preview Assets.xcassets */; };
		839FEE3B24DD471700236B88 /* LaunchScreen.storyboard in Resources */ = {isa = PBXBuildFile; fileRef = 839FEE3924DD471700236B88 /* LaunchScreen.storyboard */; };
		839FEE4624DD4C6700236B88 /* demo.png in Resources */ = {isa = PBXBuildFile; fileRef = 839FEE4524DD4C6700236B88 /* demo.png */; };
		839FEE4A24DD575F00236B88 /* CropImageView.swift in Sources */ = {isa = PBXBuildFile; fileRef = 839FEE4924DD575F00236B88 /* CropImageView.swift */; };
/* End PBXBuildFile section */

/* Begin PBXFileReference section */
		839FEE2B24DD470F00236B88 /* CropImageDemo.app */ = {isa = PBXFileReference; explicitFileType = wrapper.application; includeInIndex = 0; path = CropImageDemo.app; sourceTree = BUILT_PRODUCTS_DIR; };
		839FEE2E24DD470F00236B88 /* AppDelegate.swift */ = {isa = PBXFileReference; lastKnownFileType = sourcecode.swift; path = AppDelegate.swift; sourceTree = "<group>"; };
		839FEE3024DD470F00236B88 /* SceneDelegate.swift */ = {isa = PBXFileReference; lastKnownFileType = sourcecode.swift; path = SceneDelegate.swift; sourceTree = "<group>"; };
		839FEE3224DD470F00236B88 /* ContentView.swift */ = {isa = PBXFileReference; lastKnownFileType = sourcecode.swift; path = ContentView.swift; sourceTree = "<group>"; };
		839FEE3424DD471700236B88 /* Assets.xcassets */ = {isa = PBXFileReference; lastKnownFileType = folder.assetcatalog; path = Assets.xcassets; sourceTree = "<group>"; };
		839FEE3724DD471700236B88 /* Preview Assets.xcassets */ = {isa = PBXFileReference; lastKnownFileType = folder.assetcatalog; path = "Preview Assets.xcassets"; sourceTree = "<group>"; };
		839FEE3A24DD471700236B88 /* Base */ = {isa = PBXFileReference; lastKnownFileType = file.storyboard; name = Base; path = Base.lproj/LaunchScreen.storyboard; sourceTree = "<group>"; };
		839FEE3C24DD471700236B88 /* Info.plist */ = {isa = PBXFileReference; lastKnownFileType = text.plist.xml; path = Info.plist; sourceTree = "<group>"; };
		839FEE4224DD473500236B88 /* CropImageDemo.entitlements */ = {isa = PBXFileReference; lastKnownFileType = text.plist.entitlements; path = CropImageDemo.entitlements; sourceTree = "<group>"; };
		839FEE4524DD4C6700236B88 /* demo.png */ = {isa = PBXFileReference; lastKnownFileType = image.png; path = demo.png; sourceTree = "<group>"; };
		839FEE4924DD575F00236B88 /* CropImageView.swift */ = {isa = PBXFileReference; fileEncoding = 4; lastKnownFileType = sourcecode.swift; path = CropImageView.swift; sourceTree = "<group>"; };
/* End PBXFileReference section */

/* Begin PBXFrameworksBuildPhase section */
		839FEE2824DD470F00236B88 /* Frameworks */ = {
			isa = PBXFrameworksBuildPhase;
			buildActionMask = 2147483647;
			files = (
			);
			runOnlyForDeploymentPostprocessing = 0;
		};
/* End PBXFrameworksBuildPhase section */

/* Begin PBXGroup section */
		839FEE2224DD470F00236B88 = {
			isa = PBXGroup;
			children = (
				839FEE2D24DD470F00236B88 /* CropImageDemo */,
				839FEE2C24DD470F00236B88 /* Products */,
			);
			sourceTree = "<group>";
		};
		839FEE2C24DD470F00236B88 /* Products */ = {
			isa = PBXGroup;
			children = (
				839FEE2B24DD470F00236B88 /* CropImageDemo.app */,
			);
			name = Products;
			sourceTree = "<group>";
		};
		839FEE2D24DD470F00236B88 /* CropImageDemo */ = {
			isa = PBXGroup;
			children = (
				839FEE4724DD575F00236B88 /* Sources */,
				839FEE4224DD473500236B88 /* CropImageDemo.entitlements */,
				839FEE2E24DD470F00236B88 /* AppDelegate.swift */,
				839FEE3024DD470F00236B88 /* SceneDelegate.swift */,
				839FEE3224DD470F00236B88 /* ContentView.swift */,
				839FEE4524DD4C6700236B88 /* demo.png */,
				839FEE3424DD471700236B88 /* Assets.xcassets */,
				839FEE3924DD471700236B88 /* LaunchScreen.storyboard */,
				839FEE3C24DD471700236B88 /* Info.plist */,
				839FEE3624DD471700236B88 /* Preview Content */,
			);
			path = CropImageDemo;
			sourceTree = "<group>";
		};
		839FEE3624DD471700236B88 /* Preview Content */ = {
			isa = PBXGroup;
			children = (
				839FEE3724DD471700236B88 /* Preview Assets.xcassets */,
			);
			path = "Preview Content";
			sourceTree = "<group>";
		};
		839FEE4724DD575F00236B88 /* Sources */ = {
			isa = PBXGroup;
			children = (
				839FEE4824DD575F00236B88 /* CropImageView */,
			);
			path = Sources;
			sourceTree = SOURCE_ROOT;
		};
		839FEE4824DD575F00236B88 /* CropImageView */ = {
			isa = PBXGroup;
			children = (
				839FEE4924DD575F00236B88 /* CropImageView.swift */,
			);
			path = CropImageView;
			sourceTree = "<group>";
		};
/* End PBXGroup section */

/* Begin PBXNativeTarget section */
		839FEE2A24DD470F00236B88 /* CropImageDemo */ = {
			isa = PBXNativeTarget;
			buildConfigurationList = 839FEE3F24DD471700236B88 /* Build configuration list for PBXNativeTarget "CropImageDemo" */;
			buildPhases = (
				839FEE2724DD470F00236B88 /* Sources */,
				839FEE2824DD470F00236B88 /* Frameworks */,
				839FEE2924DD470F00236B88 /* Resources */,
			);
			buildRules = (
			);
			dependencies = (
			);
			name = CropImageDemo;
			productName = CropImageDemo;
			productReference = 839FEE2B24DD470F00236B88 /* CropImageDemo.app */;
			productType = "com.apple.product-type.application";
		};
/* End PBXNativeTarget section */

/* Begin PBXProject section */
		839FEE2324DD470F00236B88 /* Project object */ = {
			isa = PBXProject;
			attributes = {
				LastSwiftUpdateCheck = 1160;
				LastUpgradeCheck = 1160;
				ORGANIZATIONNAME = Xingfa;
				TargetAttributes = {
					839FEE2A24DD470F00236B88 = {
						CreatedOnToolsVersion = 11.6;
					};
				};
			};
			buildConfigurationList = 839FEE2624DD470F00236B88 /* Build configuration list for PBXProject "CropImageDemo" */;
			compatibilityVersion = "Xcode 9.3";
			developmentRegion = en;
			hasScannedForEncodings = 0;
			knownRegions = (
				en,
				Base,
			);
			mainGroup = 839FEE2224DD470F00236B88;
			productRefGroup = 839FEE2C24DD470F00236B88 /* Products */;
			projectDirPath = "";
			projectRoot = "";
			targets = (
				839FEE2A24DD470F00236B88 /* CropImageDemo */,
			);
		};
/* End PBXProject section */

/* Begin PBXResourcesBuildPhase section */
		839FEE2924DD470F00236B88 /* Resources */ = {
			isa = PBXResourcesBuildPhase;
			buildActionMask = 2147483647;
			files = (
				839FEE4624DD4C6700236B88 /* demo.png in Resources */,
				839FEE3B24DD471700236B88 /* LaunchScreen.storyboard in Resources */,
				839FEE3824DD471700236B88 /* Preview Assets.xcassets in Resources */,
				839FEE3524DD471700236B88 /* Assets.xcassets in Resources */,
			);
			runOnlyForDeploymentPostprocessing = 0;
		};
/* End PBXResourcesBuildPhase section */

/* Begin PBXSourcesBuildPhase section */
		839FEE2724DD470F00236B88 /* Sources */ = {
			isa = PBXSourcesBuildPhase;
			buildActionMask = 2147483647;
			files = (
				839FEE4A24DD575F00236B88 /* CropImageView.swift in Sources */,
				839FEE2F24DD470F00236B88 /* AppDelegate.swift in Sources */,
				839FEE3124DD470F00236B88 /* SceneDelegate.swift in Sources */,
				839FEE3324DD470F00236B88 /* ContentView.swift in Sources */,
			);
			runOnlyForDeploymentPostprocessing = 0;
		};
/* End PBXSourcesBuildPhase section */

/* Begin PBXVariantGroup section */
		839FEE3924DD471700236B88 /* LaunchScreen.storyboard */ = {
			isa = PBXVariantGroup;
			children = (
				839FEE3A24DD471700236B88 /* Base */,
			);
			name = LaunchScreen.storyboard;
			sourceTree = "<group>";
		};
/* End PBXVariantGroup section */

/* Begin XCBuildConfiguration section */
		839FEE3D24DD471700236B88 /* Debug */ = {
			isa = XCBuildConfiguration;
			buildSettings = {
				ALWAYS_SEARCH_USER_PATHS = NO;
				CLANG_ANALYZER_NONNULL = YES;
				CLANG_ANALYZER_NUMBER_OBJECT_CONVERSION = YES_AGGRESSIVE;
				CLANG_CXX_LANGUAGE_STANDARD = "gnu++14";
				CLANG_CXX_LIBRARY = "libc++";
				CLANG_ENABLE_MODULES = YES;
				CLANG_ENABLE_OBJC_ARC = YES;
				CLANG_ENABLE_OBJC_WEAK = YES;
				CLANG_WARN_BLOCK_CAPTURE_AUTORELEASING = YES;
				CLANG_WARN_BOOL_CONVERSION = YES;
				CLANG_WARN_COMMA = YES;
				CLANG_WARN_CONSTANT_CONVERSION = YES;
				CLANG_WARN_DEPRECATED_OBJC_IMPLEMENTATIONS = YES;
				CLANG_WARN_DIRECT_OBJC_ISA_USAGE = YES_ERROR;
				CLANG_WARN_DOCUMENTATION_COMMENTS = YES;
				CLANG_WARN_EMPTY_BODY = YES;
				CLANG_WARN_ENUM_CONVERSION = YES;
				CLANG_WARN_INFINITE_RECURSION = YES;
				CLANG_WARN_INT_CONVERSION = YES;
				CLANG_WARN_NON_LITERAL_NULL_CONVERSION = YES;
				CLANG_WARN_OBJC_IMPLICIT_RETAIN_SELF = YES;
				CLANG_WARN_OBJC_LITERAL_CONVERSION = YES;
				CLANG_WARN_OBJC_ROOT_CLASS = YES_ERROR;
				CLANG_WARN_RANGE_LOOP_ANALYSIS = YES;
				CLANG_WARN_STRICT_PROTOTYPES = YES;
				CLANG_WARN_SUSPICIOUS_MOVE = YES;
				CLANG_WARN_UNGUARDED_AVAILABILITY = YES_AGGRESSIVE;
				CLANG_WARN_UNREACHABLE_CODE = YES;
				CLANG_WARN__DUPLICATE_METHOD_MATCH = YES;
				COPY_PHASE_STRIP = NO;
				DEBUG_INFORMATION_FORMAT = dwarf;
				ENABLE_STRICT_OBJC_MSGSEND = YES;
				ENABLE_TESTABILITY = YES;
				GCC_C_LANGUAGE_STANDARD = gnu11;
				GCC_DYNAMIC_NO_PIC = NO;
				GCC_NO_COMMON_BLOCKS = YES;
				GCC_OPTIMIZATION_LEVEL = 0;
				GCC_PREPROCESSOR_DEFINITIONS = (
					"DEBUG=1",
					"$(inherited)",
				);
				GCC_WARN_64_TO_32_BIT_CONVERSION = YES;
				GCC_WARN_ABOUT_RETURN_TYPE = YES_ERROR;
				GCC_WARN_UNDECLARED_SELECTOR = YES;
				GCC_WARN_UNINITIALIZED_AUTOS = YES_AGGRESSIVE;
				GCC_WARN_UNUSED_FUNCTION = YES;
				GCC_WARN_UNUSED_VARIABLE = YES;
				IPHONEOS_DEPLOYMENT_TARGET = 13.6;
				MTL_ENABLE_DEBUG_INFO = INCLUDE_SOURCE;
				MTL_FAST_MATH = YES;
				ONLY_ACTIVE_ARCH = YES;
				SDKROOT = iphoneos;
				SWIFT_ACTIVE_COMPILATION_CONDITIONS = DEBUG;
				SWIFT_OPTIMIZATION_LEVEL = "-Onone";
			};
			name = Debug;
		};
		839FEE3E24DD471700236B88 /* Release */ = {
			isa = XCBuildConfiguration;
			buildSettings = {
				ALWAYS_SEARCH_USER_PATHS = NO;
				CLANG_ANALYZER_NONNULL = YES;
				CLANG_ANALYZER_NUMBER_OBJECT_CONVERSION = YES_AGGRESSIVE;
				CLANG_CXX_LANGUAGE_STANDARD = "gnu++14";
				CLANG_CXX_LIBRARY = "libc++";
				CLANG_ENABLE_MODULES = YES;
				CLANG_ENABLE_OBJC_ARC = YES;
				CLANG_ENABLE_OBJC_WEAK = YES;
				CLANG_WARN_BLOCK_CAPTURE_AUTORELEASING = YES;
				CLANG_WARN_BOOL_CONVERSION = YES;
				CLANG_WARN_COMMA = YES;
				CLANG_WARN_CONSTANT_CONVERSION = YES;
				CLANG_WARN_DEPRECATED_OBJC_IMPLEMENTATIONS = YES;
				CLANG_WARN_DIRECT_OBJC_ISA_USAGE = YES_ERROR;
				CLANG_WARN_DOCUMENTATION_COMMENTS = YES;
				CLANG_WARN_EMPTY_BODY = YES;
				CLANG_WARN_ENUM_CONVERSION = YES;
				CLANG_WARN_INFINITE_RECURSION = YES;
				CLANG_WARN_INT_CONVERSION = YES;
				CLANG_WARN_NON_LITERAL_NULL_CONVERSION = YES;
				CLANG_WARN_OBJC_IMPLICIT_RETAIN_SELF = YES;
				CLANG_WARN_OBJC_LITERAL_CONVERSION = YES;
				CLANG_WARN_OBJC_ROOT_CLASS = YES_ERROR;
				CLANG_WARN_RANGE_LOOP_ANALYSIS = YES;
				CLANG_WARN_STRICT_PROTOTYPES = YES;
				CLANG_WARN_SUSPICIOUS_MOVE = YES;
				CLANG_WARN_UNGUARDED_AVAILABILITY = YES_AGGRESSIVE;
				CLANG_WARN_UNREACHABLE_CODE = YES;
				CLANG_WARN__DUPLICATE_METHOD_MATCH = YES;
				COPY_PHASE_STRIP = NO;
				DEBUG_INFORMATION_FORMAT = "dwarf-with-dsym";
				ENABLE_NS_ASSERTIONS = NO;
				ENABLE_STRICT_OBJC_MSGSEND = YES;
				GCC_C_LANGUAGE_STANDARD = gnu11;
				GCC_NO_COMMON_BLOCKS = YES;
				GCC_WARN_64_TO_32_BIT_CONVERSION = YES;
				GCC_WARN_ABOUT_RETURN_TYPE = YES_ERROR;
				GCC_WARN_UNDECLARED_SELECTOR = YES;
				GCC_WARN_UNINITIALIZED_AUTOS = YES_AGGRESSIVE;
				GCC_WARN_UNUSED_FUNCTION = YES;
				GCC_WARN_UNUSED_VARIABLE = YES;
				IPHONEOS_DEPLOYMENT_TARGET = 13.6;
				MTL_ENABLE_DEBUG_INFO = NO;
				MTL_FAST_MATH = YES;
				SDKROOT = iphoneos;
				SWIFT_COMPILATION_MODE = wholemodule;
				SWIFT_OPTIMIZATION_LEVEL = "-O";
				VALIDATE_PRODUCT = YES;
			};
			name = Release;
		};
		839FEE4024DD471700236B88 /* Debug */ = {
			isa = XCBuildConfiguration;
			buildSettings = {
				ASSETCATALOG_COMPILER_APPICON_NAME = AppIcon;
				CODE_SIGN_ENTITLEMENTS = CropImageDemo/CropImageDemo.entitlements;
				"CODE_SIGN_IDENTITY[sdk=macosx*]" = "-";
				CODE_SIGN_STYLE = Automatic;
				DEVELOPMENT_ASSET_PATHS = "\"CropImageDemo/Preview Content\"";
				ENABLE_PREVIEWS = YES;
				INFOPLIST_FILE = CropImageDemo/Info.plist;
				IPHONEOS_DEPLOYMENT_TARGET = 13.0;
				LD_RUNPATH_SEARCH_PATHS = (
					"$(inherited)",
					"@executable_path/Frameworks",
				);
				PRODUCT_BUNDLE_IDENTIFIER = com.xingfa.CropImageDemo;
				PRODUCT_NAME = "$(TARGET_NAME)";
				SUPPORTS_MACCATALYST = YES;
				SWIFT_VERSION = 5.0;
				TARGETED_DEVICE_FAMILY = "1,2";
			};
			name = Debug;
		};
		839FEE4124DD471700236B88 /* Release */ = {
			isa = XCBuildConfiguration;
			buildSettings = {
				ASSETCATALOG_COMPILER_APPICON_NAME = AppIcon;
				CODE_SIGN_ENTITLEMENTS = CropImageDemo/CropImageDemo.entitlements;
				"CODE_SIGN_IDENTITY[sdk=macosx*]" = "-";
				CODE_SIGN_STYLE = Automatic;
				DEVELOPMENT_ASSET_PATHS = "\"CropImageDemo/Preview Content\"";
				ENABLE_PREVIEWS = YES;
				INFOPLIST_FILE = CropImageDemo/Info.plist;
				IPHONEOS_DEPLOYMENT_TARGET = 13.0;
				LD_RUNPATH_SEARCH_PATHS = (
					"$(inherited)",
					"@executable_path/Frameworks",
				);
				PRODUCT_BUNDLE_IDENTIFIER = com.xingfa.CropImageDemo;
				PRODUCT_NAME = "$(TARGET_NAME)";
				SUPPORTS_MACCATALYST = YES;
				SWIFT_VERSION = 5.0;
				TARGETED_DEVICE_FAMILY = "1,2";
			};
			name = Release;
		};
/* End XCBuildConfiguration section */

/* Begin XCConfigurationList section */
		839FEE2624DD470F00236B88 /* Build configuration list for PBXProject "CropImageDemo" */ = {
			isa = XCConfigurationList;
			buildConfigurations = (
				839FEE3D24DD471700236B88 /* Debug */,
				839FEE3E24DD471700236B88 /* Release */,
			);
			defaultConfigurationIsVisible = 0;
			defaultConfigurationName = Release;
		};
		839FEE3F24DD471700236B88 /* Build configuration list for PBXNativeTarget "CropImageDemo" */ = {
			isa = XCConfigurationList;
			buildConfigurations = (
				839FEE4024DD471700236B88 /* Debug */,
				839FEE4124DD471700236B88 /* Release */,
			);
			defaultConfigurationIsVisible = 0;
			defaultConfigurationName = Release;
		};
/* End XCConfigurationList section */
	};
	rootObject = 839FEE2324DD470F00236B88 /* Project object */;
}
